<Solution>
  <Folder Name="/build/">
    <File Path=".editorconfig" />
    <File Path="Directory.Build.props" />
    <File Path="Directory.Packages.props" />
  </Folder>
  <Folder Name="/src/">
    <Project Path="src/StaffSharp.Audio/StaffSharp.Audio.csproj" />
    <Project Path="src/StaffSharp.Avalonia/StaffSharp.Avalonia.csproj" />
    <Project Path="src/StaffSharp.Cli/StaffSharp.Cli.csproj" />
    <Project Path="src/StaffSharp.Core/StaffSharp.Core.csproj" />
    <Project Path="src/StaffSharp.Abc/StaffSharp.Abc.csproj" />
    <Project Path="src/StaffSharp.Json/StaffSharp.Json.csproj" />
    <Project Path="src/StaffSharp.MachineLearning/StaffSharp.MachineLearning.csproj" Id="7fd24833-dc94-e6bb-63da-2d634977c187" />
    <Project Path="src/StaffSharp.Midi/StaffSharp.Midi.csproj" />
    <Project Path="src/StaffSharp.MusicXml/StaffSharp.MusicXml.csproj" />
    <Project Path="src/StaffSharp.Svg/StaffSharp.Svg.csproj" />
    <Project Path="src/StaffSharp.Synthesis/StaffSharp.Synthesis.csproj" />
  </Folder>
  <Folder Name="/test/">
    <Project Path="test/StaffSharp.Audio.Tests/StaffSharp.Audio.Tests.csproj" />
    <Project Path="test/StaffSharp.Core.Tests/StaffSharp.Core.Tests.csproj" Id="cfcc95b0-f1fc-4634-a82a-98445a4ee61f" />
    <Project Path="test/StaffSharp.Abc.Tests/StaffSharp.Abc.Tests.csproj" />
    <Project Path="test/StaffSharp.Json.Tests/StaffSharp.Json.Tests.csproj" />
    <Project Path="test/StaffSharp.MachineLearning.Tests/StaffSharp.MachineLearning.Tests.csproj" Id="e8329d32-943a-1067-3f5f-b78f73f7efeb" />
    <Project Path="test/StaffSharp.Midi.Tests/StaffSharp.Midi.Tests.csproj" />
    <Project Path="test/StaffSharp.MusicXml.Tests/StaffSharp.MusicXml.Tests.csproj" />
    <Project Path="test/StaffSharp.Svg.Tests/StaffSharp.Svg.Tests.csproj" />
    <Project Path="test/StaffSharp.TestHelpers/StaffSharp.TestHelpers.csproj" Id="597094f3-6468-45cb-86cc-386bd6188d79" />
  </Folder>
  <Folder Name="/tools/">
    <File Path="tools/.editorconfig" />
    <Project Path="tools/StaffSharp.Demo/StaffSharp.Demo.Android/StaffSharp.Demo.Android.csproj" Id="be264ba1-6df5-4887-b362-e93fc4309bd7">
      <Deploy Solution="Debug|*" />
    </Project>
    <Project Path="tools/StaffSharp.Demo/StaffSharp.Demo.Browser/StaffSharp.Demo.Browser.csproj" Id="4947a212-ba59-4e06-968d-ffe99d407f42" />
    <Project Path="tools/StaffSharp.Demo/StaffSharp.Demo.Desktop/StaffSharp.Demo.Desktop.csproj" Id="d477d948-50bc-40a5-b2c6-738202d4aac5" />
    <Project Path="tools/StaffSharp.Demo/StaffSharp.Demo.iOS/StaffSharp.Demo.iOS.csproj" Id="e35492ea-c149-4748-9fe6-3fa02704ad70">
      <Build Project="false" />
    </Project>
    <Project Path="tools/StaffSharp.Demo/StaffSharp.Demo/StaffSharp.Demo.csproj" Id="d3c5287f-637c-42ba-802d-f977896fbb9b" />
    <Project Path="tools/StaffSharp.SvgRenderDebug/StaffSharp.SvgRenderDebug.csproj" Id="ef879355-bdfd-43ad-b817-c068e79de1ef" />
  </Folder>
</Solution>
