<Solution>
  <Folder Name="/build/">
    <File Path=".editorconfig" />
    <File Path="Directory.Build.props" />
    <File Path="Directory.Packages.props" />
  </Folder>
  <Folder Name="/src/">
    <Project Path="src/StaffSharp.Audio/StaffSharp.Audio.csproj" />
    <Project Path="src/StaffSharp.Cli/StaffSharp.Cli.csproj" />
    <Project Path="src/StaffSharp.Core/StaffSharp.Core.csproj" />
    <Project Path="src/StaffSharp.Importers/StaffSharp.Importers.csproj" />
    <Project Path="src/StaffSharp.Midi/StaffSharp.Midi.csproj" />
    <Project Path="src/StaffSharp.MusicXml/StaffSharp.MusicXml.csproj" />
  </Folder>
  <Folder Name="/test/">
    <Project Path="test/StaffSharp.Audio.Tests/StaffSharp.Audio.Tests.csproj" />
    <Project Path="test/StaffSharp.Core.Tests/StaffSharp.Core.Tests.csproj" Id="cfcc95b0-f1fc-4634-a82a-98445a4ee61f" />
    <Project Path="test/StaffSharp.Importers.Tests/StaffSharp.Importers.Tests.csproj" />
    <Project Path="test/StaffSharp.Midi.Tests/StaffSharp.Midi.Tests.csproj" />
    <Project Path="test/StaffSharp.MusicXml.Tests/StaffSharp.MusicXml.Tests.csproj" />
    <Project Path="test/StaffSharp.TestHelpers/StaffSharp.TestHelpers.csproj" Id="597094f3-6468-45cb-86cc-386bd6188d79" />
  </Folder>
</Solution>
